
Microsoft Visual Studio Solution File, Format Version 12.00
# Visual Studio 15
VisualStudioVersion = 15.0.27703.2035
MinimumVisualStudioVersion = 10.0.40219.1
Project("{FAE04EC0-301F-11D3-BF4B-00C04F79EFBC}") = "Task01", "TestCalculatorLib\Task01.csproj", "{D4D75EE3-2561-4394-9846-99EE44CA51AA}"
EndProject
Project("{FAE04EC0-301F-11D3-BF4B-00C04F79EFBC}") = "Task02", "..\Kugachev_Alexey_Task05\Task01\Task02.csproj", "{7EF3CF01-DFD8-4C57-BAFF-B7C482BD374F}"
EndProject
Project("{FAE04EC0-301F-11D3-BF4B-00C04F79EFBC}") = "Task03", "Task03\Task03.csproj", "{F0E19B60-B51A-4D62-A8E8-60A637965CE7}"
EndProject
Global
	GlobalSection(SolutionConfigurationPlatforms) = preSolution
		Debug|Any CPU = Debug|Any CPU
		Release|Any CPU = Release|Any CPU
	EndGlobalSection
	GlobalSection(ProjectConfigurationPlatforms) = postSolution
		{D4D75EE3-2561-4394-9846-99EE44CA51AA}.Debug|Any CPU.ActiveCfg = Debug|Any CPU
		{D4D75EE3-2561-4394-9846-99EE44CA51AA}.Debug|Any CPU.Build.0 = Debug|Any CPU
		{D4D75EE3-2561-4394-9846-99EE44CA51AA}.Release|Any CPU.ActiveCfg = Release|Any CPU
		{D4D75EE3-2561-4394-9846-99EE44CA51AA}.Release|Any CPU.Build.0 = Release|Any CPU
		{7EF3CF01-DFD8-4C57-BAFF-B7C482BD374F}.Debug|Any CPU.ActiveCfg = Debug|Any CPU
		{7EF3CF01-DFD8-4C57-BAFF-B7C482BD374F}.Debug|Any CPU.Build.0 = Debug|Any CPU
		{7EF3CF01-DFD8-4C57-BAFF-B7C482BD374F}.Release|Any CPU.ActiveCfg = Release|Any CPU
		{7EF3CF01-DFD8-4C57-BAFF-B7C482BD374F}.Release|Any CPU.Build.0 = Release|Any CPU
		{F0E19B60-B51A-4D62-A8E8-60A637965CE7}.Debug|Any CPU.ActiveCfg = Debug|Any CPU
		{F0E19B60-B51A-4D62-A8E8-60A637965CE7}.Debug|Any CPU.Build.0 = Debug|Any CPU
		{F0E19B60-B51A-4D62-A8E8-60A637965CE7}.Release|Any CPU.ActiveCfg = Release|Any CPU
		{F0E19B60-B51A-4D62-A8E8-60A637965CE7}.Release|Any CPU.Build.0 = Release|Any CPU
	EndGlobalSection
	GlobalSection(SolutionProperties) = preSolution
		HideSolutionNode = FALSE
	EndGlobalSection
	GlobalSection(ExtensibilityGlobals) = postSolution
		SolutionGuid = {96D21834-DF00-42D8-847D-E1C6F9973161}
	EndGlobalSection
EndGlobal
